
Microsoft Visual Studio Solution File, Format Version 12.00
# Visual Studio 15
VisualStudioVersion = 15.0.28010.2046
MinimumVisualStudioVersion = 10.0.40219.1
Project("{2150E333-8FDC-42A3-9474-1A3956D46DE8}") = "Libraries", "Libraries", "{B17749B5-5C2B-4365-9201-33E9C4BA616F}"
EndProject
Project("{2150E333-8FDC-42A3-9474-1A3956D46DE8}") = "Plugins", "Plugins", "{51B8B7A0-22CE-43D6-B3B3-C06B4F6B67AF}"
EndProject
Project("{2150E333-8FDC-42A3-9474-1A3956D46DE8}") = "Presentation", "Presentation", "{D13D9614-9093-4389-88AE-B5929F679CC6}"
EndProject
Project("{2150E333-8FDC-42A3-9474-1A3956D46DE8}") = "Modules", "Modules", "{5E7E4FB7-F704-40B9-A3F0-E6C0EA70AE94}"
EndProject
Project("{2150E333-8FDC-42A3-9474-1A3956D46DE8}") = "Tools", "Tools", "{6E021569-A6BB-4FA7-A22F-F21D33F54D99}"
EndProject
Project("{FAE04EC0-301F-11D3-BF4B-00C04F79EFBC}") = "CfNet.Data", "CfNet.Data\CfNet.Data.csproj", "{DE628D6C-A93D-439F-A8ED-58CA8AC5F1BB}"
EndProject
Project("{FAE04EC0-301F-11D3-BF4B-00C04F79EFBC}") = "CfNet.Core", "CfNet.Core\CfNet.Core.csproj", "{9D8C9FCB-3F08-46C7-B7FA-6900F915448C}"
EndProject
Project("{FAE04EC0-301F-11D3-BF4B-00C04F79EFBC}") = "CfNet.Service", "CfNet.Service\CfNet.Service.csproj", "{3BF05BA8-EE10-437A-9F7F-C102849C37A6}"
EndProject
Project("{FAE04EC0-301F-11D3-BF4B-00C04F79EFBC}") = "CfNet.Quartz", "CfNet.Quartz\CfNet.Quartz.csproj", "{C7F07E5F-DA6D-45CD-AEFC-807BD66ED313}"
EndProject
Project("{FAE04EC0-301F-11D3-BF4B-00C04F79EFBC}") = "CfNet.Admin", "CfNet.Admin\CfNet.Admin.csproj", "{05E6B160-BDA7-4703-AA0A-400016F653FA}"
EndProject
Project("{FAE04EC0-301F-11D3-BF4B-00C04F79EFBC}") = "CfNet.Common", "CfNet.Common\CfNet.Common.csproj", "{590BF932-8944-4092-B180-EB360270D1F6}"
EndProject
Global
	GlobalSection(SolutionConfigurationPlatforms) = preSolution
		Debug|Any CPU = Debug|Any CPU
		Release|Any CPU = Release|Any CPU
	EndGlobalSection
	GlobalSection(ProjectConfigurationPlatforms) = postSolution
		{DE628D6C-A93D-439F-A8ED-58CA8AC5F1BB}.Debug|Any CPU.ActiveCfg = Debug|Any CPU
		{DE628D6C-A93D-439F-A8ED-58CA8AC5F1BB}.Debug|Any CPU.Build.0 = Debug|Any CPU
		{DE628D6C-A93D-439F-A8ED-58CA8AC5F1BB}.Release|Any CPU.ActiveCfg = Release|Any CPU
		{DE628D6C-A93D-439F-A8ED-58CA8AC5F1BB}.Release|Any CPU.Build.0 = Release|Any CPU
		{9D8C9FCB-3F08-46C7-B7FA-6900F915448C}.Debug|Any CPU.ActiveCfg = Debug|Any CPU
		{9D8C9FCB-3F08-46C7-B7FA-6900F915448C}.Debug|Any CPU.Build.0 = Debug|Any CPU
		{9D8C9FCB-3F08-46C7-B7FA-6900F915448C}.Release|Any CPU.ActiveCfg = Release|Any CPU
		{9D8C9FCB-3F08-46C7-B7FA-6900F915448C}.Release|Any CPU.Build.0 = Release|Any CPU
		{3BF05BA8-EE10-437A-9F7F-C102849C37A6}.Debug|Any CPU.ActiveCfg = Debug|Any CPU
		{3BF05BA8-EE10-437A-9F7F-C102849C37A6}.Debug|Any CPU.Build.0 = Debug|Any CPU
		{3BF05BA8-EE10-437A-9F7F-C102849C37A6}.Release|Any CPU.ActiveCfg = Release|Any CPU
		{3BF05BA8-EE10-437A-9F7F-C102849C37A6}.Release|Any CPU.Build.0 = Release|Any CPU
		{C7F07E5F-DA6D-45CD-AEFC-807BD66ED313}.Debug|Any CPU.ActiveCfg = Debug|Any CPU
		{C7F07E5F-DA6D-45CD-AEFC-807BD66ED313}.Debug|Any CPU.Build.0 = Debug|Any CPU
		{C7F07E5F-DA6D-45CD-AEFC-807BD66ED313}.Release|Any CPU.ActiveCfg = Release|Any CPU
		{C7F07E5F-DA6D-45CD-AEFC-807BD66ED313}.Release|Any CPU.Build.0 = Release|Any CPU
		{05E6B160-BDA7-4703-AA0A-400016F653FA}.Debug|Any CPU.ActiveCfg = Debug|Any CPU
		{05E6B160-BDA7-4703-AA0A-400016F653FA}.Debug|Any CPU.Build.0 = Debug|Any CPU
		{05E6B160-BDA7-4703-AA0A-400016F653FA}.Release|Any CPU.ActiveCfg = Release|Any CPU
		{05E6B160-BDA7-4703-AA0A-400016F653FA}.Release|Any CPU.Build.0 = Release|Any CPU
		{590BF932-8944-4092-B180-EB360270D1F6}.Debug|Any CPU.ActiveCfg = Debug|Any CPU
		{590BF932-8944-4092-B180-EB360270D1F6}.Debug|Any CPU.Build.0 = Debug|Any CPU
		{590BF932-8944-4092-B180-EB360270D1F6}.Release|Any CPU.ActiveCfg = Release|Any CPU
		{590BF932-8944-4092-B180-EB360270D1F6}.Release|Any CPU.Build.0 = Release|Any CPU
	EndGlobalSection
	GlobalSection(SolutionProperties) = preSolution
		HideSolutionNode = FALSE
	EndGlobalSection
	GlobalSection(NestedProjects) = preSolution
		{DE628D6C-A93D-439F-A8ED-58CA8AC5F1BB} = {B17749B5-5C2B-4365-9201-33E9C4BA616F}
		{9D8C9FCB-3F08-46C7-B7FA-6900F915448C} = {B17749B5-5C2B-4365-9201-33E9C4BA616F}
		{3BF05BA8-EE10-437A-9F7F-C102849C37A6} = {B17749B5-5C2B-4365-9201-33E9C4BA616F}
		{C7F07E5F-DA6D-45CD-AEFC-807BD66ED313} = {51B8B7A0-22CE-43D6-B3B3-C06B4F6B67AF}
		{05E6B160-BDA7-4703-AA0A-400016F653FA} = {D13D9614-9093-4389-88AE-B5929F679CC6}
		{590BF932-8944-4092-B180-EB360270D1F6} = {6E021569-A6BB-4FA7-A22F-F21D33F54D99}
	EndGlobalSection
	GlobalSection(ExtensibilityGlobals) = postSolution
		SolutionGuid = {43FDFDDE-E3A4-4777-9B3F-30C1A7D0B23C}
	EndGlobalSection
EndGlobal
